
Microsoft Visual Studio Solution File, Format Version 12.00
# Visual Studio Version 17
VisualStudioVersion = 17.14.36310.24 d17.14
MinimumVisualStudioVersion = 10.0.40219.1
Project("{FAE04EC0-301F-11D3-BF4B-00C04F79EFBC}") = "ExpenseTracker", "ExpenseTracker.csproj", "{C65080D0-625F-4695-9082-1644CAB9E4B7}"
EndProject
Global
	GlobalSection(SolutionConfigurationPlatforms) = preSolution
		Debug|Any CPU = Debug|Any CPU
		Release|Any CPU = Release|Any CPU
	EndGlobalSection
	GlobalSection(ProjectConfigurationPlatforms) = postSolution
		{C65080D0-625F-4695-9082-1644CAB9E4B7}.Debug|Any CPU.ActiveCfg = Debug|Any CPU
		{C65080D0-625F-4695-9082-1644CAB9E4B7}.Debug|Any CPU.Build.0 = Debug|Any CPU
		{C65080D0-625F-4695-9082-1644CAB9E4B7}.Release|Any CPU.ActiveCfg = Release|Any CPU
		{C65080D0-625F-4695-9082-1644CAB9E4B7}.Release|Any CPU.Build.0 = Release|Any CPU
	EndGlobalSection
	GlobalSection(SolutionProperties) = preSolution
		HideSolutionNode = FALSE
	EndGlobalSection
	GlobalSection(ExtensibilityGlobals) = postSolution
		SolutionGuid = {18EB06BD-6F40-4385-847C-13B1F9BFEBF9}
	EndGlobalSection
EndGlobal
